
Microsoft Visual Studio Solution File, Format Version 12.00
# Visual Studio Version 17
VisualStudioVersion = 17.13.35825.156 d17.13
MinimumVisualStudioVersion = 10.0.40219.1
Project("{FAE04EC0-301F-11D3-BF4B-00C04F79EFBC}") = "Projekt_Zaliczeniowy", "Projekt_Zaliczeniowy\Projekt_Zaliczeniowy.csproj", "{DFBB8E53-4525-4781-AB36-74481F031C67}"
EndProject
Global
	GlobalSection(SolutionConfigurationPlatforms) = preSolution
		Debug|Any CPU = Debug|Any CPU
		Release|Any CPU = Release|Any CPU
	EndGlobalSection
	GlobalSection(ProjectConfigurationPlatforms) = postSolution
		{DFBB8E53-4525-4781-AB36-74481F031C67}.Debug|Any CPU.ActiveCfg = Debug|Any CPU
		{DFBB8E53-4525-4781-AB36-74481F031C67}.Debug|Any CPU.Build.0 = Debug|Any CPU
		{DFBB8E53-4525-4781-AB36-74481F031C67}.Release|Any CPU.ActiveCfg = Release|Any CPU
		{DFBB8E53-4525-4781-AB36-74481F031C67}.Release|Any CPU.Build.0 = Release|Any CPU
	EndGlobalSection
	GlobalSection(SolutionProperties) = preSolution
		HideSolutionNode = FALSE
	EndGlobalSection
	GlobalSection(ExtensibilityGlobals) = postSolution
		SolutionGuid = {955F7FD0-F02A-4094-A22C-33BD343BA6CE}
	EndGlobalSection
EndGlobal
